github.com/mitchellh/mapstructure v1.1.2 h1:fmNYVwqnSfB9mZU6OS2O6GsXM+wcskZDuKQzvN1EDeE=
github.com/mitchellh/mapstructure v1.1.2/go.mod h1:FVVH3fgwuzCH5S8UJGiWEs2h04kUh9fWfEaFds41c1Y=
github.com/vjeantet/grok v1.0.0 h1:uxMqatJP6MOFXsj6C1tZBnqqAThQEeqnizUZ48gSJQQ=
github.com/vjeantet/grok v1.0.0/go.mod h1:/FWYEVYekkm+2VjcFmO9PufDU5FgXHUz9oy2EGqmQBo=
